
Microsoft Visual Studio Solution File, Format Version 12.00
# Visual Studio Version 16
VisualStudioVersion = 16.0.33130.400
MinimumVisualStudioVersion = 10.0.40219.1
Project("{FAE04EC0-301F-11D3-BF4B-00C04F79EFBC}") = "TestFW_Demo", "TestFW_Demo.csproj", "{2553F76A-AA79-4D53-9A90-CD25CDD5F8D6}"
EndProject
Global
	GlobalSection(SolutionConfigurationPlatforms) = preSolution
		Debug|Any CPU = Debug|Any CPU
		Release|Any CPU = Release|Any CPU
	EndGlobalSection
	GlobalSection(ProjectConfigurationPlatforms) = postSolution
		{2553F76A-AA79-4D53-9A90-CD25CDD5F8D6}.Debug|Any CPU.ActiveCfg = Debug|Any CPU
		{2553F76A-AA79-4D53-9A90-CD25CDD5F8D6}.Debug|Any CPU.Build.0 = Debug|Any CPU
		{2553F76A-AA79-4D53-9A90-CD25CDD5F8D6}.Release|Any CPU.ActiveCfg = Release|Any CPU
		{2553F76A-AA79-4D53-9A90-CD25CDD5F8D6}.Release|Any CPU.Build.0 = Release|Any CPU
	EndGlobalSection
	GlobalSection(SolutionProperties) = preSolution
		HideSolutionNode = FALSE
	EndGlobalSection
	GlobalSection(ExtensibilityGlobals) = postSolution
		SolutionGuid = {F3869485-3EEF-4986-B789-8912C53380A2}
	EndGlobalSection
EndGlobal
